
Microsoft Visual Studio Solution File, Format Version 12.00
# Visual Studio Version 16
VisualStudioVersion = 16.0.30611.23
MinimumVisualStudioVersion = 10.0.40219.1
Project("{8BC9CEB8-8B4A-11D0-8D11-00A0C91BC942}") = "cpp20_reference", "cpp20_reference.vcxproj", "{A4A7E8ED-A537-4BE0-9245-B42D6B1863B6}"
EndProject
Project("{8BC9CEB8-8B4A-11D0-8D11-00A0C91BC942}") = "concept_01", "..\concept_01\concept_01.vcxproj", "{AA1E720E-5FB6-444E-8490-DD8EF675F197}"
EndProject
Project("{8BC9CEB8-8B4A-11D0-8D11-00A0C91BC942}") = "concept_02", "..\concept_02\concept_02.vcxproj", "{898E12A9-91C0-4557-8B21-89A6F33435D2}"
EndProject
Project("{8BC9CEB8-8B4A-11D0-8D11-00A0C91BC942}") = "requires_01", "..\requires_01\requires_01.vcxproj", "{B20D5DD3-3C89-4468-9D9B-EAFA35496A13}"
EndProject
Project("{8BC9CEB8-8B4A-11D0-8D11-00A0C91BC942}") = "requires_02", "..\requires_02\requires_02.vcxproj", "{1ABF6FD8-827A-4C65-BD9B-3118B00E35DB}"
EndProject
Project("{8BC9CEB8-8B4A-11D0-8D11-00A0C91BC942}") = "requires_03", "..\requires_03\requires_03.vcxproj", "{2E0AAACE-B152-443B-8FA6-FDE1D658157F}"
EndProject
Project("{8BC9CEB8-8B4A-11D0-8D11-00A0C91BC942}") = "consteval", "..\consteval\consteval.vcxproj", "{725231AC-4096-48E7-A593-882487392FA1}"
EndProject
Project("{8BC9CEB8-8B4A-11D0-8D11-00A0C91BC942}") = "struct_variable_initialize", "..\struct_variable_initialize\struct_variable_initialize.vcxproj", "{44A0B7BF-DB49-4BB2-8081-FEF78A4E01E2}"
EndProject
Project("{8BC9CEB8-8B4A-11D0-8D11-00A0C91BC942}") = "unicode_string", "..\unicode_string\unicode_string.vcxproj", "{4C9B333A-7643-4D5B-AC2B-0263A6911E64}"
EndProject
Project("{8BC9CEB8-8B4A-11D0-8D11-00A0C91BC942}") = "aggregate_initializ", "..\aggregate_initializ\aggregate_initializ.vcxproj", "{5C7622CF-EACD-4EF4-A505-67834B6F4CEB}"
EndProject
Project("{8BC9CEB8-8B4A-11D0-8D11-00A0C91BC942}") = "default_operator", "..\default_operator\default_operator.vcxproj", "{A1E23C3D-95AC-4A52-9A04-B76699143889}"
EndProject
Project("{8BC9CEB8-8B4A-11D0-8D11-00A0C91BC942}") = "attribute", "..\attribute\attribute.vcxproj", "{09C1A5FB-D799-4EE6-AD6B-4AB90A34BDD4}"
EndProject
Project("{8BC9CEB8-8B4A-11D0-8D11-00A0C91BC942}") = "constexpr_virtual", "..\constexpr_virtual\constexpr_virtual.vcxproj", "{45CE672A-3ED6-4731-84BD-D53D0176B6D6}"
EndProject
Project("{8BC9CEB8-8B4A-11D0-8D11-00A0C91BC942}") = "ranges_01", "..\ranges_01\ranges_01.vcxproj", "{D4D42561-F531-4242-8520-FB22162D5403}"
EndProject
Project("{8BC9CEB8-8B4A-11D0-8D11-00A0C91BC942}") = "format_01", "..\format_01\format_01.vcxproj", "{1160E174-9FFE-4417-BB52-10EDD048EC76}"
EndProject
Project("{8BC9CEB8-8B4A-11D0-8D11-00A0C91BC942}") = "spaceship_operator", "..\spaceship_operator\spaceship_operator.vcxproj", "{FDBEFB73-9B8A-4284-A27A-CBCCFF3AF32C}"
EndProject
Project("{8BC9CEB8-8B4A-11D0-8D11-00A0C91BC942}") = "source_location", "..\source_location\source_location.vcxproj", "{1D231BFA-16BF-4893-98A5-34863BF206F8}"
EndProject
Project("{8BC9CEB8-8B4A-11D0-8D11-00A0C91BC942}") = "mathematical_constants", "..\mathematical_constants\mathematical_constants.vcxproj", "{20A7E4DD-4B82-4BFE-AB3F-6C7DAE624977}"
EndProject
Global
	GlobalSection(SolutionConfigurationPlatforms) = preSolution
		Debug|x64 = Debug|x64
		Debug|x86 = Debug|x86
		Release|x64 = Release|x64
		Release|x86 = Release|x86
	EndGlobalSection
	GlobalSection(ProjectConfigurationPlatforms) = postSolution
		{A4A7E8ED-A537-4BE0-9245-B42D6B1863B6}.Debug|x64.ActiveCfg = Debug|x64
		{A4A7E8ED-A537-4BE0-9245-B42D6B1863B6}.Debug|x64.Build.0 = Debug|x64
		{A4A7E8ED-A537-4BE0-9245-B42D6B1863B6}.Debug|x86.ActiveCfg = Debug|Win32
		{A4A7E8ED-A537-4BE0-9245-B42D6B1863B6}.Debug|x86.Build.0 = Debug|Win32
		{A4A7E8ED-A537-4BE0-9245-B42D6B1863B6}.Release|x64.ActiveCfg = Release|x64
		{A4A7E8ED-A537-4BE0-9245-B42D6B1863B6}.Release|x64.Build.0 = Release|x64
		{A4A7E8ED-A537-4BE0-9245-B42D6B1863B6}.Release|x86.ActiveCfg = Release|Win32
		{A4A7E8ED-A537-4BE0-9245-B42D6B1863B6}.Release|x86.Build.0 = Release|Win32
		{AA1E720E-5FB6-444E-8490-DD8EF675F197}.Debug|x64.ActiveCfg = Debug|x64
		{AA1E720E-5FB6-444E-8490-DD8EF675F197}.Debug|x64.Build.0 = Debug|x64
		{AA1E720E-5FB6-444E-8490-DD8EF675F197}.Debug|x86.ActiveCfg = Debug|Win32
		{AA1E720E-5FB6-444E-8490-DD8EF675F197}.Debug|x86.Build.0 = Debug|Win32
		{AA1E720E-5FB6-444E-8490-DD8EF675F197}.Release|x64.ActiveCfg = Release|x64
		{AA1E720E-5FB6-444E-8490-DD8EF675F197}.Release|x64.Build.0 = Release|x64
		{AA1E720E-5FB6-444E-8490-DD8EF675F197}.Release|x86.ActiveCfg = Release|Win32
		{AA1E720E-5FB6-444E-8490-DD8EF675F197}.Release|x86.Build.0 = Release|Win32
		{898E12A9-91C0-4557-8B21-89A6F33435D2}.Debug|x64.ActiveCfg = Debug|x64
		{898E12A9-91C0-4557-8B21-89A6F33435D2}.Debug|x64.Build.0 = Debug|x64
		{898E12A9-91C0-4557-8B21-89A6F33435D2}.Debug|x86.ActiveCfg = Debug|Win32
		{898E12A9-91C0-4557-8B21-89A6F33435D2}.Debug|x86.Build.0 = Debug|Win32
		{898E12A9-91C0-4557-8B21-89A6F33435D2}.Release|x64.ActiveCfg = Release|x64
		{898E12A9-91C0-4557-8B21-89A6F33435D2}.Release|x64.Build.0 = Release|x64
		{898E12A9-91C0-4557-8B21-89A6F33435D2}.Release|x86.ActiveCfg = Release|Win32
		{898E12A9-91C0-4557-8B21-89A6F33435D2}.Release|x86.Build.0 = Release|Win32
		{B20D5DD3-3C89-4468-9D9B-EAFA35496A13}.Debug|x64.ActiveCfg = Debug|x64
		{B20D5DD3-3C89-4468-9D9B-EAFA35496A13}.Debug|x64.Build.0 = Debug|x64
		{B20D5DD3-3C89-4468-9D9B-EAFA35496A13}.Debug|x86.ActiveCfg = Debug|Win32
		{B20D5DD3-3C89-4468-9D9B-EAFA35496A13}.Debug|x86.Build.0 = Debug|Win32
		{B20D5DD3-3C89-4468-9D9B-EAFA35496A13}.Release|x64.ActiveCfg = Release|x64
		{B20D5DD3-3C89-4468-9D9B-EAFA35496A13}.Release|x64.Build.0 = Release|x64
		{B20D5DD3-3C89-4468-9D9B-EAFA35496A13}.Release|x86.ActiveCfg = Release|Win32
		{B20D5DD3-3C89-4468-9D9B-EAFA35496A13}.Release|x86.Build.0 = Release|Win32
		{1ABF6FD8-827A-4C65-BD9B-3118B00E35DB}.Debug|x64.ActiveCfg = Debug|x64
		{1ABF6FD8-827A-4C65-BD9B-3118B00E35DB}.Debug|x64.Build.0 = Debug|x64
		{1ABF6FD8-827A-4C65-BD9B-3118B00E35DB}.Debug|x86.ActiveCfg = Debug|Win32
		{1ABF6FD8-827A-4C65-BD9B-3118B00E35DB}.Debug|x86.Build.0 = Debug|Win32
		{1ABF6FD8-827A-4C65-BD9B-3118B00E35DB}.Release|x64.ActiveCfg = Release|x64
		{1ABF6FD8-827A-4C65-BD9B-3118B00E35DB}.Release|x64.Build.0 = Release|x64
		{1ABF6FD8-827A-4C65-BD9B-3118B00E35DB}.Release|x86.ActiveCfg = Release|Win32
		{1ABF6FD8-827A-4C65-BD9B-3118B00E35DB}.Release|x86.Build.0 = Release|Win32
		{2E0AAACE-B152-443B-8FA6-FDE1D658157F}.Debug|x64.ActiveCfg = Debug|x64
		{2E0AAACE-B152-443B-8FA6-FDE1D658157F}.Debug|x64.Build.0 = Debug|x64
		{2E0AAACE-B152-443B-8FA6-FDE1D658157F}.Debug|x86.ActiveCfg = Debug|Win32
		{2E0AAACE-B152-443B-8FA6-FDE1D658157F}.Debug|x86.Build.0 = Debug|Win32
		{2E0AAACE-B152-443B-8FA6-FDE1D658157F}.Release|x64.ActiveCfg = Release|x64
		{2E0AAACE-B152-443B-8FA6-FDE1D658157F}.Release|x64.Build.0 = Release|x64
		{2E0AAACE-B152-443B-8FA6-FDE1D658157F}.Release|x86.ActiveCfg = Release|Win32
		{2E0AAACE-B152-443B-8FA6-FDE1D658157F}.Release|x86.Build.0 = Release|Win32
		{725231AC-4096-48E7-A593-882487392FA1}.Debug|x64.ActiveCfg = Debug|x64
		{725231AC-4096-48E7-A593-882487392FA1}.Debug|x64.Build.0 = Debug|x64
		{725231AC-4096-48E7-A593-882487392FA1}.Debug|x86.ActiveCfg = Debug|Win32
		{725231AC-4096-48E7-A593-882487392FA1}.Debug|x86.Build.0 = Debug|Win32
		{725231AC-4096-48E7-A593-882487392FA1}.Release|x64.ActiveCfg = Release|x64
		{725231AC-4096-48E7-A593-882487392FA1}.Release|x64.Build.0 = Release|x64
		{725231AC-4096-48E7-A593-882487392FA1}.Release|x86.ActiveCfg = Release|Win32
		{725231AC-4096-48E7-A593-882487392FA1}.Release|x86.Build.0 = Release|Win32
		{44A0B7BF-DB49-4BB2-8081-FEF78A4E01E2}.Debug|x64.ActiveCfg = Debug|x64
		{44A0B7BF-DB49-4BB2-8081-FEF78A4E01E2}.Debug|x64.Build.0 = Debug|x64
		{44A0B7BF-DB49-4BB2-8081-FEF78A4E01E2}.Debug|x86.ActiveCfg = Debug|Win32
		{44A0B7BF-DB49-4BB2-8081-FEF78A4E01E2}.Debug|x86.Build.0 = Debug|Win32
		{44A0B7BF-DB49-4BB2-8081-FEF78A4E01E2}.Release|x64.ActiveCfg = Release|x64
		{44A0B7BF-DB49-4BB2-8081-FEF78A4E01E2}.Release|x64.Build.0 = Release|x64
		{44A0B7BF-DB49-4BB2-8081-FEF78A4E01E2}.Release|x86.ActiveCfg = Release|Win32
		{44A0B7BF-DB49-4BB2-8081-FEF78A4E01E2}.Release|x86.Build.0 = Release|Win32
		{4C9B333A-7643-4D5B-AC2B-0263A6911E64}.Debug|x64.ActiveCfg = Debug|x64
		{4C9B333A-7643-4D5B-AC2B-0263A6911E64}.Debug|x64.Build.0 = Debug|x64
		{4C9B333A-7643-4D5B-AC2B-0263A6911E64}.Debug|x86.ActiveCfg = Debug|Win32
		{4C9B333A-7643-4D5B-AC2B-0263A6911E64}.Debug|x86.Build.0 = Debug|Win32
		{4C9B333A-7643-4D5B-AC2B-0263A6911E64}.Release|x64.ActiveCfg = Release|x64
		{4C9B333A-7643-4D5B-AC2B-0263A6911E64}.Release|x64.Build.0 = Release|x64
		{4C9B333A-7643-4D5B-AC2B-0263A6911E64}.Release|x86.ActiveCfg = Release|Win32
		{4C9B333A-7643-4D5B-AC2B-0263A6911E64}.Release|x86.Build.0 = Release|Win32
		{5C7622CF-EACD-4EF4-A505-67834B6F4CEB}.Debug|x64.ActiveCfg = Debug|x64
		{5C7622CF-EACD-4EF4-A505-67834B6F4CEB}.Debug|x64.Build.0 = Debug|x64
		{5C7622CF-EACD-4EF4-A505-67834B6F4CEB}.Debug|x86.ActiveCfg = Debug|Win32
		{5C7622CF-EACD-4EF4-A505-67834B6F4CEB}.Debug|x86.Build.0 = Debug|Win32
		{5C7622CF-EACD-4EF4-A505-67834B6F4CEB}.Release|x64.ActiveCfg = Release|x64
		{5C7622CF-EACD-4EF4-A505-67834B6F4CEB}.Release|x64.Build.0 = Release|x64
		{5C7622CF-EACD-4EF4-A505-67834B6F4CEB}.Release|x86.ActiveCfg = Release|Win32
		{5C7622CF-EACD-4EF4-A505-67834B6F4CEB}.Release|x86.Build.0 = Release|Win32
		{A1E23C3D-95AC-4A52-9A04-B76699143889}.Debug|x64.ActiveCfg = Debug|x64
		{A1E23C3D-95AC-4A52-9A04-B76699143889}.Debug|x64.Build.0 = Debug|x64
		{A1E23C3D-95AC-4A52-9A04-B76699143889}.Debug|x86.ActiveCfg = Debug|Win32
		{A1E23C3D-95AC-4A52-9A04-B76699143889}.Debug|x86.Build.0 = Debug|Win32
		{A1E23C3D-95AC-4A52-9A04-B76699143889}.Release|x64.ActiveCfg = Release|x64
		{A1E23C3D-95AC-4A52-9A04-B76699143889}.Release|x64.Build.0 = Release|x64
		{A1E23C3D-95AC-4A52-9A04-B76699143889}.Release|x86.ActiveCfg = Release|Win32
		{A1E23C3D-95AC-4A52-9A04-B76699143889}.Release|x86.Build.0 = Release|Win32
		{09C1A5FB-D799-4EE6-AD6B-4AB90A34BDD4}.Debug|x64.ActiveCfg = Debug|x64
		{09C1A5FB-D799-4EE6-AD6B-4AB90A34BDD4}.Debug|x64.Build.0 = Debug|x64
		{09C1A5FB-D799-4EE6-AD6B-4AB90A34BDD4}.Debug|x86.ActiveCfg = Debug|Win32
		{09C1A5FB-D799-4EE6-AD6B-4AB90A34BDD4}.Debug|x86.Build.0 = Debug|Win32
		{09C1A5FB-D799-4EE6-AD6B-4AB90A34BDD4}.Release|x64.ActiveCfg = Release|x64
		{09C1A5FB-D799-4EE6-AD6B-4AB90A34BDD4}.Release|x64.Build.0 = Release|x64
		{09C1A5FB-D799-4EE6-AD6B-4AB90A34BDD4}.Release|x86.ActiveCfg = Release|Win32
		{09C1A5FB-D799-4EE6-AD6B-4AB90A34BDD4}.Release|x86.Build.0 = Release|Win32
		{45CE672A-3ED6-4731-84BD-D53D0176B6D6}.Debug|x64.ActiveCfg = Debug|x64
		{45CE672A-3ED6-4731-84BD-D53D0176B6D6}.Debug|x64.Build.0 = Debug|x64
		{45CE672A-3ED6-4731-84BD-D53D0176B6D6}.Debug|x86.ActiveCfg = Debug|Win32
		{45CE672A-3ED6-4731-84BD-D53D0176B6D6}.Debug|x86.Build.0 = Debug|Win32
		{45CE672A-3ED6-4731-84BD-D53D0176B6D6}.Release|x64.ActiveCfg = Release|x64
		{45CE672A-3ED6-4731-84BD-D53D0176B6D6}.Release|x64.Build.0 = Release|x64
		{45CE672A-3ED6-4731-84BD-D53D0176B6D6}.Release|x86.ActiveCfg = Release|Win32
		{45CE672A-3ED6-4731-84BD-D53D0176B6D6}.Release|x86.Build.0 = Release|Win32
		{D4D42561-F531-4242-8520-FB22162D5403}.Debug|x64.ActiveCfg = Debug|x64
		{D4D42561-F531-4242-8520-FB22162D5403}.Debug|x64.Build.0 = Debug|x64
		{D4D42561-F531-4242-8520-FB22162D5403}.Debug|x86.ActiveCfg = Debug|Win32
		{D4D42561-F531-4242-8520-FB22162D5403}.Debug|x86.Build.0 = Debug|Win32
		{D4D42561-F531-4242-8520-FB22162D5403}.Release|x64.ActiveCfg = Release|x64
		{D4D42561-F531-4242-8520-FB22162D5403}.Release|x64.Build.0 = Release|x64
		{D4D42561-F531-4242-8520-FB22162D5403}.Release|x86.ActiveCfg = Release|Win32
		{D4D42561-F531-4242-8520-FB22162D5403}.Release|x86.Build.0 = Release|Win32
		{1160E174-9FFE-4417-BB52-10EDD048EC76}.Debug|x64.ActiveCfg = Debug|x64
		{1160E174-9FFE-4417-BB52-10EDD048EC76}.Debug|x64.Build.0 = Debug|x64
		{1160E174-9FFE-4417-BB52-10EDD048EC76}.Debug|x86.ActiveCfg = Debug|Win32
		{1160E174-9FFE-4417-BB52-10EDD048EC76}.Debug|x86.Build.0 = Debug|Win32
		{1160E174-9FFE-4417-BB52-10EDD048EC76}.Release|x64.ActiveCfg = Release|x64
		{1160E174-9FFE-4417-BB52-10EDD048EC76}.Release|x64.Build.0 = Release|x64
		{1160E174-9FFE-4417-BB52-10EDD048EC76}.Release|x86.ActiveCfg = Release|Win32
		{1160E174-9FFE-4417-BB52-10EDD048EC76}.Release|x86.Build.0 = Release|Win32
		{FDBEFB73-9B8A-4284-A27A-CBCCFF3AF32C}.Debug|x64.ActiveCfg = Debug|x64
		{FDBEFB73-9B8A-4284-A27A-CBCCFF3AF32C}.Debug|x64.Build.0 = Debug|x64
		{FDBEFB73-9B8A-4284-A27A-CBCCFF3AF32C}.Debug|x86.ActiveCfg = Debug|Win32
		{FDBEFB73-9B8A-4284-A27A-CBCCFF3AF32C}.Debug|x86.Build.0 = Debug|Win32
		{FDBEFB73-9B8A-4284-A27A-CBCCFF3AF32C}.Release|x64.ActiveCfg = Release|x64
		{FDBEFB73-9B8A-4284-A27A-CBCCFF3AF32C}.Release|x64.Build.0 = Release|x64
		{FDBEFB73-9B8A-4284-A27A-CBCCFF3AF32C}.Release|x86.ActiveCfg = Release|Win32
		{FDBEFB73-9B8A-4284-A27A-CBCCFF3AF32C}.Release|x86.Build.0 = Release|Win32
		{1D231BFA-16BF-4893-98A5-34863BF206F8}.Debug|x64.ActiveCfg = Debug|x64
		{1D231BFA-16BF-4893-98A5-34863BF206F8}.Debug|x64.Build.0 = Debug|x64
		{1D231BFA-16BF-4893-98A5-34863BF206F8}.Debug|x86.ActiveCfg = Debug|Win32
		{1D231BFA-16BF-4893-98A5-34863BF206F8}.Debug|x86.Build.0 = Debug|Win32
		{1D231BFA-16BF-4893-98A5-34863BF206F8}.Release|x64.ActiveCfg = Release|x64
		{1D231BFA-16BF-4893-98A5-34863BF206F8}.Release|x64.Build.0 = Release|x64
		{1D231BFA-16BF-4893-98A5-34863BF206F8}.Release|x86.ActiveCfg = Release|Win32
		{1D231BFA-16BF-4893-98A5-34863BF206F8}.Release|x86.Build.0 = Release|Win32
		{20A7E4DD-4B82-4BFE-AB3F-6C7DAE624977}.Debug|x64.ActiveCfg = Debug|x64
		{20A7E4DD-4B82-4BFE-AB3F-6C7DAE624977}.Debug|x64.Build.0 = Debug|x64
		{20A7E4DD-4B82-4BFE-AB3F-6C7DAE624977}.Debug|x86.ActiveCfg = Debug|Win32
		{20A7E4DD-4B82-4BFE-AB3F-6C7DAE624977}.Debug|x86.Build.0 = Debug|Win32
		{20A7E4DD-4B82-4BFE-AB3F-6C7DAE624977}.Release|x64.ActiveCfg = Release|x64
		{20A7E4DD-4B82-4BFE-AB3F-6C7DAE624977}.Release|x64.Build.0 = Release|x64
		{20A7E4DD-4B82-4BFE-AB3F-6C7DAE624977}.Release|x86.ActiveCfg = Release|Win32
		{20A7E4DD-4B82-4BFE-AB3F-6C7DAE624977}.Release|x86.Build.0 = Release|Win32
	EndGlobalSection
	GlobalSection(SolutionProperties) = preSolution
		HideSolutionNode = FALSE
	EndGlobalSection
	GlobalSection(ExtensibilityGlobals) = postSolution
		SolutionGuid = {961A5740-7788-4D69-BAC8-CA785B3DC98C}
	EndGlobalSection
EndGlobal
